
Microsoft Visual Studio Solution File, Format Version 12.00
Project("{FAE04EC0-301F-11D3-BF4B-00C04F79EFBC}") = "BreadthFirstSearch", "BreadthFirstSearch\BreadthFirstSearch.csproj", "{3B891469-CF0A-42B8-AD62-4CDAE39ECA2A}"
EndProject
Project("{FAE04EC0-301F-11D3-BF4B-00C04F79EFBC}") = "DepthFirstSearch", "DepthFirstSearch\DepthFirstSearch.csproj", "{00CE44EC-345A-4594-99C6-C318A4F62AC2}"
EndProject
Project("{FAE04EC0-301F-11D3-BF4B-00C04F79EFBC}") = "Common", "Common\Common.csproj", "{9FB3302D-FA4A-4DD4-BFAE-C463A6FBA486}"
EndProject
Global
	GlobalSection(SolutionConfigurationPlatforms) = preSolution
		Debug|Any CPU = Debug|Any CPU
		Release|Any CPU = Release|Any CPU
	EndGlobalSection
	GlobalSection(ProjectConfigurationPlatforms) = postSolution
		{3B891469-CF0A-42B8-AD62-4CDAE39ECA2A}.Debug|Any CPU.ActiveCfg = Debug|Any CPU
		{3B891469-CF0A-42B8-AD62-4CDAE39ECA2A}.Debug|Any CPU.Build.0 = Debug|Any CPU
		{3B891469-CF0A-42B8-AD62-4CDAE39ECA2A}.Release|Any CPU.ActiveCfg = Release|Any CPU
		{3B891469-CF0A-42B8-AD62-4CDAE39ECA2A}.Release|Any CPU.Build.0 = Release|Any CPU
		{00CE44EC-345A-4594-99C6-C318A4F62AC2}.Debug|Any CPU.ActiveCfg = Debug|Any CPU
		{00CE44EC-345A-4594-99C6-C318A4F62AC2}.Debug|Any CPU.Build.0 = Debug|Any CPU
		{00CE44EC-345A-4594-99C6-C318A4F62AC2}.Release|Any CPU.ActiveCfg = Release|Any CPU
		{00CE44EC-345A-4594-99C6-C318A4F62AC2}.Release|Any CPU.Build.0 = Release|Any CPU
		{9FB3302D-FA4A-4DD4-BFAE-C463A6FBA486}.Debug|Any CPU.ActiveCfg = Debug|Any CPU
		{9FB3302D-FA4A-4DD4-BFAE-C463A6FBA486}.Debug|Any CPU.Build.0 = Debug|Any CPU
		{9FB3302D-FA4A-4DD4-BFAE-C463A6FBA486}.Release|Any CPU.ActiveCfg = Release|Any CPU
		{9FB3302D-FA4A-4DD4-BFAE-C463A6FBA486}.Release|Any CPU.Build.0 = Release|Any CPU
	EndGlobalSection
	GlobalSection(NestedProjects) = preSolution
		{3B891469-CF0A-42B8-AD62-4CDAE39ECA2A} = {13E175E5-15D5-458D-9E71-22026BCA7D67}
		{00CE44EC-345A-4594-99C6-C318A4F62AC2} = {13E175E5-15D5-458D-9E71-22026BCA7D67}
	EndGlobalSection
EndGlobal
